[nexum-host]
url = "https://github.com/nullislabs/nexum-runtime/archive/fd16db7709f01bf06116d98053a894de4b1f4adf.tar.gz"
sha256 = "0000000000000000000000000000000000000000000000000000000000000000"
sha512 = "00000000000000000000000000000000000000000000000000000000000000000000000000000000000000000000000000000000000000000000000000000000"
