[nexum-host]
url = "https://github.com/nullislabs/nexum-runtime/archive/fd16db7709f01bf06116d98053a894de4b1f4adf.tar.gz"
prefix = "nexum-runtime-fd16db7709f01bf06116d98053a894de4b1f4adf/wit/nexum-host"
sha256 = "9c2b817e68645456b46457615995d55567a6a9b62ecc294ec382295ed9b9b1fd"
sha512 = "35f5972cb091da49180b948399dcf4e6714a1581e2828cf57067f0cddf791fc6360cfe16067d6811077570434370d7dae13342497ecc8e24a6fc28a327aa6155"
